
Microsoft Visual Studio Solution File, Format Version 12.00
# Visual Studio Version 17
VisualStudioVersion = 17.14.36811.4 d17.14
MinimumVisualStudioVersion = 10.0.40219.1
Project("{FAE04EC0-301F-11D3-BF4B-00C04F79EFBC}") = "HeartMatcher", "HeartMatcher\HeartMatcher.csproj", "{B945BCCC-D2FA-4530-96CE-99E41AA4C96C}"
EndProject
Global
	GlobalSection(SolutionConfigurationPlatforms) = preSolution
		Debug|Any CPU = Debug|Any CPU
		Release|Any CPU = Release|Any CPU
	EndGlobalSection
	GlobalSection(ProjectConfigurationPlatforms) = postSolution
		{B945BCCC-D2FA-4530-96CE-99E41AA4C96C}.Debug|Any CPU.ActiveCfg = Debug|Any CPU
		{B945BCCC-D2FA-4530-96CE-99E41AA4C96C}.Debug|Any CPU.Build.0 = Debug|Any CPU
		{B945BCCC-D2FA-4530-96CE-99E41AA4C96C}.Release|Any CPU.ActiveCfg = Release|Any CPU
		{B945BCCC-D2FA-4530-96CE-99E41AA4C96C}.Release|Any CPU.Build.0 = Release|Any CPU
	EndGlobalSection
	GlobalSection(SolutionProperties) = preSolution
		HideSolutionNode = FALSE
	EndGlobalSection
	GlobalSection(ExtensibilityGlobals) = postSolution
		SolutionGuid = {FD78F57E-0AC0-40BD-AB9A-E96297BA006D}
	EndGlobalSection
EndGlobal
